
Microsoft Visual Studio Solution File, Format Version 12.00
# Visual Studio 15
VisualStudioVersion = 15.0.28306.52
MinimumVisualStudioVersion = 10.0.40219.1
Project("{8BC9CEB8-8B4A-11D0-8D11-00A0C91BC942}") = "Namedpipe_Server", "Namedpipe_Server\Namedpipe_Server.vcxproj", "{AE48BC9C-35B9-42EE-9D4B-36D5C85B10F1}"
EndProject
Global
	GlobalSection(SolutionConfigurationPlatforms) = preSolution
		Debug|Win32 = Debug|Win32
		Debug|x64 = Debug|x64
		Release|Win32 = Release|Win32
		Release|x64 = Release|x64
	EndGlobalSection
	GlobalSection(ProjectConfigurationPlatforms) = postSolution
		{AE48BC9C-35B9-42EE-9D4B-36D5C85B10F1}.Debug|Win32.ActiveCfg = Debug|Win32
		{AE48BC9C-35B9-42EE-9D4B-36D5C85B10F1}.Debug|Win32.Build.0 = Debug|Win32
		{AE48BC9C-35B9-42EE-9D4B-36D5C85B10F1}.Debug|x64.ActiveCfg = Debug|x64
		{AE48BC9C-35B9-42EE-9D4B-36D5C85B10F1}.Debug|x64.Build.0 = Debug|x64
		{AE48BC9C-35B9-42EE-9D4B-36D5C85B10F1}.Release|Win32.ActiveCfg = Release|Win32
		{AE48BC9C-35B9-42EE-9D4B-36D5C85B10F1}.Release|Win32.Build.0 = Release|Win32
		{AE48BC9C-35B9-42EE-9D4B-36D5C85B10F1}.Release|x64.ActiveCfg = Release|x64
		{AE48BC9C-35B9-42EE-9D4B-36D5C85B10F1}.Release|x64.Build.0 = Release|x64
	EndGlobalSection
	GlobalSection(SolutionProperties) = preSolution
		HideSolutionNode = FALSE
	EndGlobalSection
	GlobalSection(ExtensibilityGlobals) = postSolution
		SolutionGuid = {FA9D0467-D17E-4EBB-A30A-6BE71AE906AA}
	EndGlobalSection
EndGlobal
